
Microsoft Visual Studio Solution File, Format Version 12.00
# Visual Studio 15
VisualStudioVersion = 15.0.27130.2027
MinimumVisualStudioVersion = 10.0.40219.1
Project("{FAE04EC0-301F-11D3-BF4B-00C04F79EFBC}") = "CoordinateSharp", "CoordinateSharp\CoordinateSharp.csproj", "{D994BF3D-8907-4812-8FC0-B11229137E93}"
EndProject
Global
	GlobalSection(SolutionConfigurationPlatforms) = preSolution
		Debug|Any CPU = Debug|Any CPU
		Release|Any CPU = Release|Any CPU
	EndGlobalSection
	GlobalSection(ProjectConfigurationPlatforms) = postSolution
		{D994BF3D-8907-4812-8FC0-B11229137E93}.Debug|Any CPU.ActiveCfg = Debug|Any CPU
		{D994BF3D-8907-4812-8FC0-B11229137E93}.Debug|Any CPU.Build.0 = Debug|Any CPU
		{D994BF3D-8907-4812-8FC0-B11229137E93}.Release|Any CPU.ActiveCfg = Release|Any CPU
		{D994BF3D-8907-4812-8FC0-B11229137E93}.Release|Any CPU.Build.0 = Release|Any CPU
	EndGlobalSection
	GlobalSection(SolutionProperties) = preSolution
		HideSolutionNode = FALSE
	EndGlobalSection
	GlobalSection(ExtensibilityGlobals) = postSolution
		SolutionGuid = {8CE95862-C309-480E-8358-8417113CD3BE}
	EndGlobalSection
EndGlobal
